// !$*UTF8*$!
{
	archiveVersion = 1;
	classes = {
	};
	objectVersion = 56;
	objects = {

/* Begin PBXBuildFile section */
		8B1B265529082FC60008AA16 /* CursusApp.swift in Sources */ = {isa = PBXBuildFile; fileRef = 8B1B265429082FC60008AA16 /* CursusApp.swift */; };
		8B1B265729082FC60008AA16 /* ContentView.swift in Sources */ = {isa = PBXBuildFile; fileRef = 8B1B265629082FC60008AA16 /* ContentView.swift */; };
		8B1B265929082FC70008AA16 /* Assets.xcassets in Resources */ = {isa = PBXBuildFile; fileRef = 8B1B265829082FC70008AA16 /* Assets.xcassets */; };
		8B1B265D29082FC70008AA16 /* Preview Assets.xcassets in Resources */ = {isa = PBXBuildFile; fileRef = 8B1B265C29082FC70008AA16 /* Preview Assets.xcassets */; };
		8B1B2664290857D80008AA16 /* RiveAssets in Resources */ = {isa = PBXBuildFile; fileRef = 8B1B2663290857D80008AA16 /* RiveAssets */; };
		8B1B2666290858350008AA16 /* Fonts in Resources */ = {isa = PBXBuildFile; fileRef = 8B1B2665290858350008AA16 /* Fonts */; };
		8B1B2669290858860008AA16 /* OnboardingView.swift in Sources */ = {isa = PBXBuildFile; fileRef = 8B1B2668290858860008AA16 /* OnboardingView.swift */; };
		8B1B266C29085B380008AA16 /* RiveRuntime in Frameworks */ = {isa = PBXBuildFile; productRef = 8B1B266B29085B380008AA16 /* RiveRuntime */; };
		8B5D6509291052CD0034F5AE /* CustomFont.swift in Sources */ = {isa = PBXBuildFile; fileRef = 8B5D6508291052CD0034F5AE /* CustomFont.swift */; };
		8B5D650E291053110034F5AE /* Inter-Regular.ttf in Resources */ = {isa = PBXBuildFile; fileRef = 8B5D650B291053110034F5AE /* Inter-Regular.ttf */; };
		8B5D650F291053110034F5AE /* Poppins-Bold.ttf in Resources */ = {isa = PBXBuildFile; fileRef = 8B5D650C291053110034F5AE /* Poppins-Bold.ttf */; };
		8B5D6510291053110034F5AE /* Inter-SemiBold.ttf in Resources */ = {isa = PBXBuildFile; fileRef = 8B5D650D291053110034F5AE /* Inter-SemiBold.ttf */; };
		8B5D6512291053720034F5AE /* CustomTextField.swift in Sources */ = {isa = PBXBuildFile; fileRef = 8B5D6511291053720034F5AE /* CustomTextField.swift */; };
		8B5D6514291053920034F5AE /* SingInView.swift in Sources */ = {isa = PBXBuildFile; fileRef = 8B5D6513291053920034F5AE /* SingInView.swift */; };
		8B5D6516291053FC0034F5AE /* Extensions.swift in Sources */ = {isa = PBXBuildFile; fileRef = 8B5D6515291053FC0034F5AE /* Extensions.swift */; };
		8BCF34B12918176D00A4B534 /* TabBar.swift in Sources */ = {isa = PBXBuildFile; fileRef = 8BCF34B02918176D00A4B534 /* TabBar.swift */; };
		8BCF34B32918329500A4B534 /* HCard.swift in Sources */ = {isa = PBXBuildFile; fileRef = 8BCF34B22918329500A4B534 /* HCard.swift */; };
		8BCF34B5291832A500A4B534 /* HomeView.swift in Sources */ = {isa = PBXBuildFile; fileRef = 8BCF34B4291832A500A4B534 /* HomeView.swift */; };
		8BCF34B8291832FA00A4B534 /* Course.swift in Sources */ = {isa = PBXBuildFile; fileRef = 8BCF34B7291832FA00A4B534 /* Course.swift */; };
		8BCF34BA2918333500A4B534 /* CourseSection.swift in Sources */ = {isa = PBXBuildFile; fileRef = 8BCF34B92918333500A4B534 /* CourseSection.swift */; };
/* End PBXBuildFile section */

/* Begin PBXFileReference section */
		8B1B265129082FC60008AA16 /* Cursus.app */ = {isa = PBXFileReference; explicitFileType = wrapper.application; includeInIndex = 0; path = Cursus.app; sourceTree = BUILT_PRODUCTS_DIR; };
		8B1B265429082FC60008AA16 /* CursusApp.swift */ = {isa = PBXFileReference; lastKnownFileType = sourcecode.swift; path = CursusApp.swift; sourceTree = "<group>"; };
		8B1B265629082FC60008AA16 /* ContentView.swift */ = {isa = PBXFileReference; lastKnownFileType = sourcecode.swift; path = ContentView.swift; sourceTree = "<group>"; };
		8B1B265829082FC70008AA16 /* Assets.xcassets */ = {isa = PBXFileReference; lastKnownFileType = folder.assetcatalog; path = Assets.xcassets; sourceTree = "<group>"; };
		8B1B265A29082FC70008AA16 /* Cursus.entitlements */ = {isa = PBXFileReference; lastKnownFileType = text.plist.entitlements; path = Cursus.entitlements; sourceTree = "<group>"; };
		8B1B265C29082FC70008AA16 /* Preview Assets.xcassets */ = {isa = PBXFileReference; lastKnownFileType = folder.assetcatalog; path = "Preview Assets.xcassets"; sourceTree = "<group>"; };
		8B1B2663290857D80008AA16 /* RiveAssets */ = {isa = PBXFileReference; lastKnownFileType = folder; path = RiveAssets; sourceTree = "<group>"; };
		8B1B2665290858350008AA16 /* Fonts */ = {isa = PBXFileReference; lastKnownFileType = folder; path = Fonts; sourceTree = "<group>"; };
		8B1B2668290858860008AA16 /* OnboardingView.swift */ = {isa = PBXFileReference; lastKnownFileType = sourcecode.swift; path = OnboardingView.swift; sourceTree = "<group>"; };
		8B5D6508291052CD0034F5AE /* CustomFont.swift */ = {isa = PBXFileReference; lastKnownFileType = sourcecode.swift; path = CustomFont.swift; sourceTree = "<group>"; };
		8B5D650B291053110034F5AE /* Inter-Regular.ttf */ = {isa = PBXFileReference; lastKnownFileType = file; path = "Inter-Regular.ttf"; sourceTree = "<group>"; };
		8B5D650C291053110034F5AE /* Poppins-Bold.ttf */ = {isa = PBXFileReference; lastKnownFileType = file; path = "Poppins-Bold.ttf"; sourceTree = "<group>"; };
		8B5D650D291053110034F5AE /* Inter-SemiBold.ttf */ = {isa = PBXFileReference; lastKnownFileType = file; path = "Inter-SemiBold.ttf"; sourceTree = "<group>"; };
		8B5D6511291053720034F5AE /* CustomTextField.swift */ = {isa = PBXFileReference; lastKnownFileType = sourcecode.swift; path = CustomTextField.swift; sourceTree = "<group>"; };
		8B5D6513291053920034F5AE /* SingInView.swift */ = {isa = PBXFileReference; lastKnownFileType = sourcecode.swift; path = SingInView.swift; sourceTree = "<group>"; };
		8B5D6515291053FC0034F5AE /* Extensions.swift */ = {isa = PBXFileReference; lastKnownFileType = sourcecode.swift; path = Extensions.swift; sourceTree = "<group>"; };
		8BCF34B02918176D00A4B534 /* TabBar.swift */ = {isa = PBXFileReference; lastKnownFileType = sourcecode.swift; path = TabBar.swift; sourceTree = "<group>"; };
		8BCF34B22918329500A4B534 /* HCard.swift */ = {isa = PBXFileReference; lastKnownFileType = sourcecode.swift; path = HCard.swift; sourceTree = "<group>"; };
		8BCF34B4291832A500A4B534 /* HomeView.swift */ = {isa = PBXFileReference; lastKnownFileType = sourcecode.swift; path = HomeView.swift; sourceTree = "<group>"; };
		8BCF34B7291832FA00A4B534 /* Course.swift */ = {isa = PBXFileReference; lastKnownFileType = sourcecode.swift; path = Course.swift; sourceTree = "<group>"; };
		8BCF34B92918333500A4B534 /* CourseSection.swift */ = {isa = PBXFileReference; lastKnownFileType = sourcecode.swift; path = CourseSection.swift; sourceTree = "<group>"; };
/* End PBXFileReference section */

/* Begin PBXFrameworksBuildPhase section */
		8B1B264E29082FC60008AA16 /* Frameworks */ = {
			isa = PBXFrameworksBuildPhase;
			buildActionMask = 2147483647;
			files = (
				8B1B266C29085B380008AA16 /* RiveRuntime in Frameworks */,
			);
			runOnlyForDeploymentPostprocessing = 0;
		};
/* End PBXFrameworksBuildPhase section */

/* Begin PBXGroup section */
		8B1B264829082FC60008AA16 = {
			isa = PBXGroup;
			children = (
				8B1B265329082FC60008AA16 /* Cursus */,
				8B1B265229082FC60008AA16 /* Products */,
			);
			sourceTree = "<group>";
		};
		8B1B265229082FC60008AA16 /* Products */ = {
			isa = PBXGroup;
			children = (
				8B1B265129082FC60008AA16 /* Cursus.app */,
			);
			name = Products;
			sourceTree = "<group>";
		};
		8B1B265329082FC60008AA16 /* Cursus */ = {
			isa = PBXGroup;
			children = (
				8BCF34B6291832F100A4B534 /* Model */,
				8B5D6517291054300034F5AE /* Styles */,
				8B1B2667290858560008AA16 /* Views */,
				8B1B265429082FC60008AA16 /* CursusApp.swift */,
				8B1B265629082FC60008AA16 /* ContentView.swift */,
				8BCF34B4291832A500A4B534 /* HomeView.swift */,
				8BCF34B22918329500A4B534 /* HCard.swift */,
				8BCF34B02918176D00A4B534 /* TabBar.swift */,
				8B1B265829082FC70008AA16 /* Assets.xcassets */,
				8B1B265A29082FC70008AA16 /* Cursus.entitlements */,
				8B5D650A291053110034F5AE /* Fonts */,
				8B1B2663290857D80008AA16 /* RiveAssets */,
				8B1B265B29082FC70008AA16 /* Preview Content */,
			);
			path = Cursus;
			sourceTree = "<group>";
		};
		8B1B265B29082FC70008AA16 /* Preview Content */ = {
			isa = PBXGroup;
			children = (
				8B1B2665290858350008AA16 /* Fonts */,
				8B1B265C29082FC70008AA16 /* Preview Assets.xcassets */,
			);
			path = "Preview Content";
			sourceTree = "<group>";
		};
		8B1B2667290858560008AA16 /* Views */ = {
			isa = PBXGroup;
			children = (
				8B1B2668290858860008AA16 /* OnboardingView.swift */,
				8B5D6513291053920034F5AE /* SingInView.swift */,
			);
			path = Views;
			sourceTree = "<group>";
		};
		8B5D650A291053110034F5AE /* Fonts */ = {
			isa = PBXGroup;
			children = (
				8B5D650B291053110034F5AE /* Inter-Regular.ttf */,
				8B5D650C291053110034F5AE /* Poppins-Bold.ttf */,
				8B5D650D291053110034F5AE /* Inter-SemiBold.ttf */,
			);
			path = Fonts;
			sourceTree = "<group>";
		};
		8B5D6517291054300034F5AE /* Styles */ = {
			isa = PBXGroup;
			children = (
				8B5D6511291053720034F5AE /* CustomTextField.swift */,
				8B5D6515291053FC0034F5AE /* Extensions.swift */,
				8B5D6508291052CD0034F5AE /* CustomFont.swift */,
			);
			path = Styles;
			sourceTree = "<group>";
		};
		8BCF34B6291832F100A4B534 /* Model */ = {
			isa = PBXGroup;
			children = (
				8BCF34B7291832FA00A4B534 /* Course.swift */,
				8BCF34B92918333500A4B534 /* CourseSection.swift */,
			);
			path = Model;
			sourceTree = "<group>";
		};
/* End PBXGroup section */

/* Begin PBXNativeTarget section */
		8B1B265029082FC60008AA16 /* Cursus */ = {
			isa = PBXNativeTarget;
			buildConfigurationList = 8B1B266029082FC70008AA16 /* Build configuration list for PBXNativeTarget "Cursus" */;
			buildPhases = (
				8B1B264D29082FC60008AA16 /* Sources */,
				8B1B264E29082FC60008AA16 /* Frameworks */,
				8B1B264F29082FC60008AA16 /* Resources */,
			);
			buildRules = (
			);
			dependencies = (
			);
			name = Cursus;
			packageProductDependencies = (
				8B1B266B29085B380008AA16 /* RiveRuntime */,
			);
			productName = Cursus;
			productReference = 8B1B265129082FC60008AA16 /* Cursus.app */;
			productType = "com.apple.product-type.application";
		};
/* End PBXNativeTarget section */

/* Begin PBXProject section */
		8B1B264929082FC60008AA16 /* Project object */ = {
			isa = PBXProject;
			attributes = {
				BuildIndependentTargetsInParallel = 1;
				LastSwiftUpdateCheck = 1400;
				LastUpgradeCheck = 1400;
				TargetAttributes = {
					8B1B265029082FC60008AA16 = {
						CreatedOnToolsVersion = 14.0;
					};
				};
			};
			buildConfigurationList = 8B1B264C29082FC60008AA16 /* Build configuration list for PBXProject "Cursus" */;
			compatibilityVersion = "Xcode 14.0";
			developmentRegion = en;
			hasScannedForEncodings = 0;
			knownRegions = (
				en,
				Base,
			);
			mainGroup = 8B1B264829082FC60008AA16;
			packageReferences = (
				8B1B266A29085B380008AA16 /* XCRemoteSwiftPackageReference "rive-ios" */,
			);
			productRefGroup = 8B1B265229082FC60008AA16 /* Products */;
			projectDirPath = "";
			projectRoot = "";
			targets = (
				8B1B265029082FC60008AA16 /* Cursus */,
			);
		};
/* End PBXProject section */

/* Begin PBXResourcesBuildPhase section */
		8B1B264F29082FC60008AA16 /* Resources */ = {
			isa = PBXResourcesBuildPhase;
			buildActionMask = 2147483647;
			files = (
				8B1B265D29082FC70008AA16 /* Preview Assets.xcassets in Resources */,
				8B5D650F291053110034F5AE /* Poppins-Bold.ttf in Resources */,
				8B5D650E291053110034F5AE /* Inter-Regular.ttf in Resources */,
				8B1B265929082FC70008AA16 /* Assets.xcassets in Resources */,
				8B1B2664290857D80008AA16 /* RiveAssets in Resources */,
				8B1B2666290858350008AA16 /* Fonts in Resources */,
				8B5D6510291053110034F5AE /* Inter-SemiBold.ttf in Resources */,
			);
			runOnlyForDeploymentPostprocessing = 0;
		};
/* End PBXResourcesBuildPhase section */

/* Begin PBXSourcesBuildPhase section */
		8B1B264D29082FC60008AA16 /* Sources */ = {
			isa = PBXSourcesBuildPhase;
			buildActionMask = 2147483647;
			files = (
				8BCF34B32918329500A4B534 /* HCard.swift in Sources */,
				8BCF34B8291832FA00A4B534 /* Course.swift in Sources */,
				8B1B2669290858860008AA16 /* OnboardingView.swift in Sources */,
				8B5D6509291052CD0034F5AE /* CustomFont.swift in Sources */,
				8BCF34BA2918333500A4B534 /* CourseSection.swift in Sources */,
				8BCF34B5291832A500A4B534 /* HomeView.swift in Sources */,
				8B1B265729082FC60008AA16 /* ContentView.swift in Sources */,
				8BCF34B12918176D00A4B534 /* TabBar.swift in Sources */,
				8B1B265529082FC60008AA16 /* CursusApp.swift in Sources */,
				8B5D6514291053920034F5AE /* SingInView.swift in Sources */,
				8B5D6512291053720034F5AE /* CustomTextField.swift in Sources */,
				8B5D6516291053FC0034F5AE /* Extensions.swift in Sources */,
			);
			runOnlyForDeploymentPostprocessing = 0;
		};
/* End PBXSourcesBuildPhase section */

/* Begin XCBuildConfiguration section */
		8B1B265E29082FC70008AA16 /* Debug */ = {
			isa = XCBuildConfiguration;
			buildSettings = {
				ALWAYS_SEARCH_USER_PATHS = NO;
				CLANG_ANALYZER_NONNULL = YES;
				CLANG_ANALYZER_NUMBER_OBJECT_CONVERSION = YES_AGGRESSIVE;
				CLANG_CXX_LANGUAGE_STANDARD = "gnu++20";
				CLANG_ENABLE_MODULES = YES;
				CLANG_ENABLE_OBJC_ARC = YES;
				CLANG_ENABLE_OBJC_WEAK = YES;
				CLANG_WARN_BLOCK_CAPTURE_AUTORELEASING = YES;
				CLANG_WARN_BOOL_CONVERSION = YES;
				CLANG_WARN_COMMA = YES;
				CLANG_WARN_CONSTANT_CONVERSION = YES;
				CLANG_WARN_DEPRECATED_OBJC_IMPLEMENTATIONS = YES;
				CLANG_WARN_DIRECT_OBJC_ISA_USAGE = YES_ERROR;
				CLANG_WARN_DOCUMENTATION_COMMENTS = YES;
				CLANG_WARN_EMPTY_BODY = YES;
				CLANG_WARN_ENUM_CONVERSION = YES;
				CLANG_WARN_INFINITE_RECURSION = YES;
				CLANG_WARN_INT_CONVERSION = YES;
				CLANG_WARN_NON_LITERAL_NULL_CONVERSION = YES;
				CLANG_WARN_OBJC_IMPLICIT_RETAIN_SELF = YES;
				CLANG_WARN_OBJC_LITERAL_CONVERSION = YES;
				CLANG_WARN_OBJC_ROOT_CLASS = YES_ERROR;
				CLANG_WARN_QUOTED_INCLUDE_IN_FRAMEWORK_HEADER = YES;
				CLANG_WARN_RANGE_LOOP_ANALYSIS = YES;
				CLANG_WARN_STRICT_PROTOTYPES = YES;
				CLANG_WARN_SUSPICIOUS_MOVE = YES;
				CLANG_WARN_UNGUARDED_AVAILABILITY = YES_AGGRESSIVE;
				CLANG_WARN_UNREACHABLE_CODE = YES;
				CLANG_WARN__DUPLICATE_METHOD_MATCH = YES;
				COPY_PHASE_STRIP = NO;
				DEBUG_INFORMATION_FORMAT = dwarf;
				ENABLE_STRICT_OBJC_MSGSEND = YES;
				ENABLE_TESTABILITY = YES;
				GCC_C_LANGUAGE_STANDARD = gnu11;
				GCC_DYNAMIC_NO_PIC = NO;
				GCC_NO_COMMON_BLOCKS = YES;
				GCC_OPTIMIZATION_LEVEL = 0;
				GCC_PREPROCESSOR_DEFINITIONS = (
					"DEBUG=1",
					"$(inherited)",
				);
				GCC_WARN_64_TO_32_BIT_CONVERSION = YES;
				GCC_WARN_ABOUT_RETURN_TYPE = YES_ERROR;
				GCC_WARN_UNDECLARED_SELECTOR = YES;
				GCC_WARN_UNINITIALIZED_AUTOS = YES_AGGRESSIVE;
				GCC_WARN_UNUSED_FUNCTION = YES;
				GCC_WARN_UNUSED_VARIABLE = YES;
				MTL_ENABLE_DEBUG_INFO = INCLUDE_SOURCE;
				MTL_FAST_MATH = YES;
				ONLY_ACTIVE_ARCH = YES;
				SWIFT_ACTIVE_COMPILATION_CONDITIONS = DEBUG;
				SWIFT_OPTIMIZATION_LEVEL = "-Onone";
			};
			name = Debug;
		};
		8B1B265F29082FC70008AA16 /* Release */ = {
			isa = XCBuildConfiguration;
			buildSettings = {
				ALWAYS_SEARCH_USER_PATHS = NO;
				CLANG_ANALYZER_NONNULL = YES;
				CLANG_ANALYZER_NUMBER_OBJECT_CONVERSION = YES_AGGRESSIVE;
				CLANG_CXX_LANGUAGE_STANDARD = "gnu++20";
				CLANG_ENABLE_MODULES = YES;
				CLANG_ENABLE_OBJC_ARC = YES;
				CLANG_ENABLE_OBJC_WEAK = YES;
				CLANG_WARN_BLOCK_CAPTURE_AUTORELEASING = YES;
				CLANG_WARN_BOOL_CONVERSION = YES;
				CLANG_WARN_COMMA = YES;
				CLANG_WARN_CONSTANT_CONVERSION = YES;
				CLANG_WARN_DEPRECATED_OBJC_IMPLEMENTATIONS = YES;
				CLANG_WARN_DIRECT_OBJC_ISA_USAGE = YES_ERROR;
				CLANG_WARN_DOCUMENTATION_COMMENTS = YES;
				CLANG_WARN_EMPTY_BODY = YES;
				CLANG_WARN_ENUM_CONVERSION = YES;
				CLANG_WARN_INFINITE_RECURSION = YES;
				CLANG_WARN_INT_CONVERSION = YES;
				CLANG_WARN_NON_LITERAL_NULL_CONVERSION = YES;
				CLANG_WARN_OBJC_IMPLICIT_RETAIN_SELF = YES;
				CLANG_WARN_OBJC_LITERAL_CONVERSION = YES;
				CLANG_WARN_OBJC_ROOT_CLASS = YES_ERROR;
				CLANG_WARN_QUOTED_INCLUDE_IN_FRAMEWORK_HEADER = YES;
				CLANG_WARN_RANGE_LOOP_ANALYSIS = YES;
				CLANG_WARN_STRICT_PROTOTYPES = YES;
				CLANG_WARN_SUSPICIOUS_MOVE = YES;
				CLANG_WARN_UNGUARDED_AVAILABILITY = YES_AGGRESSIVE;
				CLANG_WARN_UNREACHABLE_CODE = YES;
				CLANG_WARN__DUPLICATE_METHOD_MATCH = YES;
				COPY_PHASE_STRIP = NO;
				DEBUG_INFORMATION_FORMAT = "dwarf-with-dsym";
				ENABLE_NS_ASSERTIONS = NO;
				ENABLE_STRICT_OBJC_MSGSEND = YES;
				GCC_C_LANGUAGE_STANDARD = gnu11;
				GCC_NO_COMMON_BLOCKS = YES;
				GCC_WARN_64_TO_32_BIT_CONVERSION = YES;
				GCC_WARN_ABOUT_RETURN_TYPE = YES_ERROR;
				GCC_WARN_UNDECLARED_SELECTOR = YES;
				GCC_WARN_UNINITIALIZED_AUTOS = YES_AGGRESSIVE;
				GCC_WARN_UNUSED_FUNCTION = YES;
				GCC_WARN_UNUSED_VARIABLE = YES;
				MTL_ENABLE_DEBUG_INFO = NO;
				MTL_FAST_MATH = YES;
				SWIFT_COMPILATION_MODE = wholemodule;
				SWIFT_OPTIMIZATION_LEVEL = "-O";
			};
			name = Release;
		};
		8B1B266129082FC70008AA16 /* Debug */ = {
			isa = XCBuildConfiguration;
			buildSettings = {
				ASSETCATALOG_COMPILER_APPICON_NAME = AppIcon;
				ASSETCATALOG_COMPILER_GLOBAL_ACCENT_COLOR_NAME = AccentColor;
				CODE_SIGN_ENTITLEMENTS = Cursus/Cursus.entitlements;
				CODE_SIGN_STYLE = Automatic;
				CURRENT_PROJECT_VERSION = 1;
				DEVELOPMENT_ASSET_PATHS = "\"Cursus/Preview Content\"";
				DEVELOPMENT_TEAM = 73DJK9R2PB;
				ENABLE_HARDENED_RUNTIME = YES;
				ENABLE_PREVIEWS = YES;
				GENERATE_INFOPLIST_FILE = YES;
				"INFOPLIST_KEY_UIApplicationSceneManifest_Generation[sdk=iphoneos*]" = YES;
				"INFOPLIST_KEY_UIApplicationSceneManifest_Generation[sdk=iphonesimulator*]" = YES;
				"INFOPLIST_KEY_UIApplicationSupportsIndirectInputEvents[sdk=iphoneos*]" = YES;
				"INFOPLIST_KEY_UIApplicationSupportsIndirectInputEvents[sdk=iphonesimulator*]" = YES;
				"INFOPLIST_KEY_UILaunchScreen_Generation[sdk=iphoneos*]" = YES;
				"INFOPLIST_KEY_UILaunchScreen_Generation[sdk=iphonesimulator*]" = YES;
				"INFOPLIST_KEY_UIStatusBarStyle[sdk=iphoneos*]" = UIStatusBarStyleDefault;
				"INFOPLIST_KEY_UIStatusBarStyle[sdk=iphonesimulator*]" = UIStatusBarStyleDefault;
				INFOPLIST_KEY_UISupportedInterfaceOrientations_iPad = "UIInterfaceOrientationPortrait UIInterfaceOrientationPortraitUpsideDown UIInterfaceOrientationLandscapeLeft UIInterfaceOrientationLandscapeRight";
				INFOPLIST_KEY_UISupportedInterfaceOrientations_iPhone = "UIInterfaceOrientationPortrait UIInterfaceOrientationLandscapeLeft UIInterfaceOrientationLandscapeRight";
				IPHONEOS_DEPLOYMENT_TARGET = 16.0;
				LD_RUNPATH_SEARCH_PATHS = "@executable_path/Frameworks";
				"LD_RUNPATH_SEARCH_PATHS[sdk=macosx*]" = "@executable_path/../Frameworks";
				MACOSX_DEPLOYMENT_TARGET = 12.3;
				MARKETING_VERSION = 1.0;
				PRODUCT_BUNDLE_IDENTIFIER = safarslife.Cursus;
				PRODUCT_NAME = "$(TARGET_NAME)";
				SDKROOT = auto;
				SUPPORTED_PLATFORMS = "iphoneos iphonesimulator macosx";
				SWIFT_EMIT_LOC_STRINGS = YES;
				SWIFT_VERSION = 5.0;
				TARGETED_DEVICE_FAMILY = "1,2";
			};
			name = Debug;
		};
		8B1B266229082FC70008AA16 /* Release */ = {
			isa = XCBuildConfiguration;
			buildSettings = {
				ASSETCATALOG_COMPILER_APPICON_NAME = AppIcon;
				ASSETCATALOG_COMPILER_GLOBAL_ACCENT_COLOR_NAME = AccentColor;
				CODE_SIGN_ENTITLEMENTS = Cursus/Cursus.entitlements;
				CODE_SIGN_STYLE = Automatic;
				CURRENT_PROJECT_VERSION = 1;
				DEVELOPMENT_ASSET_PATHS = "\"Cursus/Preview Content\"";
				DEVELOPMENT_TEAM = 73DJK9R2PB;
				ENABLE_HARDENED_RUNTIME = YES;
				ENABLE_PREVIEWS = YES;
				GENERATE_INFOPLIST_FILE = YES;
				"INFOPLIST_KEY_UIApplicationSceneManifest_Generation[sdk=iphoneos*]" = YES;
				"INFOPLIST_KEY_UIApplicationSceneManifest_Generation[sdk=iphonesimulator*]" = YES;
				"INFOPLIST_KEY_UIApplicationSupportsIndirectInputEvents[sdk=iphoneos*]" = YES;
				"INFOPLIST_KEY_UIApplicationSupportsIndirectInputEvents[sdk=iphonesimulator*]" = YES;
				"INFOPLIST_KEY_UILaunchScreen_Generation[sdk=iphoneos*]" = YES;
				"INFOPLIST_KEY_UILaunchScreen_Generation[sdk=iphonesimulator*]" = YES;
				"INFOPLIST_KEY_UIStatusBarStyle[sdk=iphoneos*]" = UIStatusBarStyleDefault;
				"INFOPLIST_KEY_UIStatusBarStyle[sdk=iphonesimulator*]" = UIStatusBarStyleDefault;
				INFOPLIST_KEY_UISupportedInterfaceOrientations_iPad = "UIInterfaceOrientationPortrait UIInterfaceOrientationPortraitUpsideDown UIInterfaceOrientationLandscapeLeft UIInterfaceOrientationLandscapeRight";
				INFOPLIST_KEY_UISupportedInterfaceOrientations_iPhone = "UIInterfaceOrientationPortrait UIInterfaceOrientationLandscapeLeft UIInterfaceOrientationLandscapeRight";
				IPHONEOS_DEPLOYMENT_TARGET = 16.0;
				LD_RUNPATH_SEARCH_PATHS = "@executable_path/Frameworks";
				"LD_RUNPATH_SEARCH_PATHS[sdk=macosx*]" = "@executable_path/../Frameworks";
				MACOSX_DEPLOYMENT_TARGET = 12.3;
				MARKETING_VERSION = 1.0;
				PRODUCT_BUNDLE_IDENTIFIER = safarslife.Cursus;
				PRODUCT_NAME = "$(TARGET_NAME)";
				SDKROOT = auto;
				SUPPORTED_PLATFORMS = "iphoneos iphonesimulator macosx";
				SWIFT_EMIT_LOC_STRINGS = YES;
				SWIFT_VERSION = 5.0;
				TARGETED_DEVICE_FAMILY = "1,2";
			};
			name = Release;
		};
/* End XCBuildConfiguration section */

/* Begin XCConfigurationList section */
		8B1B264C29082FC60008AA16 /* Build configuration list for PBXProject "Cursus" */ = {
			isa = XCConfigurationList;
			buildConfigurations = (
				8B1B265E29082FC70008AA16 /* Debug */,
				8B1B265F29082FC70008AA16 /* Release */,
			);
			defaultConfigurationIsVisible = 0;
			defaultConfigurationName = Release;
		};
		8B1B266029082FC70008AA16 /* Build configuration list for PBXNativeTarget "Cursus" */ = {
			isa = XCConfigurationList;
			buildConfigurations = (
				8B1B266129082FC70008AA16 /* Debug */,
				8B1B266229082FC70008AA16 /* Release */,
			);
			defaultConfigurationIsVisible = 0;
			defaultConfigurationName = Release;
		};
/* End XCConfigurationList section */

/* Begin XCRemoteSwiftPackageReference section */
		8B1B266A29085B380008AA16 /* XCRemoteSwiftPackageReference "rive-ios" */ = {
			isa = XCRemoteSwiftPackageReference;
			repositoryURL = "https://github.com/rive-app/rive-ios";
			requirement = {
				branch = main;
				kind = branch;
			};
		};
/* End XCRemoteSwiftPackageReference section */

/* Begin XCSwiftPackageProductDependency section */
		8B1B266B29085B380008AA16 /* RiveRuntime */ = {
			isa = XCSwiftPackageProductDependency;
			package = 8B1B266A29085B380008AA16 /* XCRemoteSwiftPackageReference "rive-ios" */;
			productName = RiveRuntime;
		};
/* End XCSwiftPackageProductDependency section */
	};
	rootObject = 8B1B264929082FC60008AA16 /* Project object */;
}
